
Microsoft Visual Studio Solution File, Format Version 12.00
# Visual Studio 15
VisualStudioVersion = 15.0.27130.2027
MinimumVisualStudioVersion = 10.0.40219.1
Project("{8BC9CEB8-8B4A-11D0-8D11-00A0C91BC942}") = "synthrain", "synthrain\synthrain.vcxproj", "{04702296-C413-4849-B508-7ADC7827242D}"
EndProject
Global
	GlobalSection(SolutionConfigurationPlatforms) = preSolution
		Debug|x64 = Debug|x64
		Debug|x86 = Debug|x86
		Release|x64 = Release|x64
		Release|x86 = Release|x86
	EndGlobalSection
	GlobalSection(ProjectConfigurationPlatforms) = postSolution
		{04702296-C413-4849-B508-7ADC7827242D}.Debug|x64.ActiveCfg = Debug|x64
		{04702296-C413-4849-B508-7ADC7827242D}.Debug|x64.Build.0 = Debug|x64
		{04702296-C413-4849-B508-7ADC7827242D}.Debug|x86.ActiveCfg = Debug|Win32
		{04702296-C413-4849-B508-7ADC7827242D}.Debug|x86.Build.0 = Debug|Win32
		{04702296-C413-4849-B508-7ADC7827242D}.Release|x64.ActiveCfg = Release|x64
		{04702296-C413-4849-B508-7ADC7827242D}.Release|x64.Build.0 = Release|x64
		{04702296-C413-4849-B508-7ADC7827242D}.Release|x86.ActiveCfg = Release|Win32
		{04702296-C413-4849-B508-7ADC7827242D}.Release|x86.Build.0 = Release|Win32
	EndGlobalSection
	GlobalSection(SolutionProperties) = preSolution
		HideSolutionNode = FALSE
	EndGlobalSection
	GlobalSection(ExtensibilityGlobals) = postSolution
		SolutionGuid = {DFE30E92-C8CB-454B-8AA1-9AA981938508}
	EndGlobalSection
EndGlobal
