<?xml version="1.0" encoding="utf-8"?>
<Project ToolsVersion="4.0" xmlns="http://schemas.microsoft.com/developer/msbuild/2003">
  <ItemGroup>
    <Filter Include="Source Files">
      <UniqueIdentifier>{4FC737F1-C7A5-4376-A066-2A32D752A2FF}</UniqueIdentifier>
      <Extensions>cpp;c;cc;cxx;def;odl;idl;hpj;bat;asm;asmx</Extensions>
    </Filter>
    <Filter Include="Header Files">
      <UniqueIdentifier>{93995380-89BD-4b04-88EB-625FBE52EBFB}</UniqueIdentifier>
      <Extensions>h;hh;hpp;hxx;hm;inl;inc;xsd</Extensions>
    </Filter>
    <Filter Include="Resource Files">
      <UniqueIdentifier>{67DA6AB6-F800-4c08-8B7A-83BB121AAD01}</UniqueIdentifier>
      <Extensions>rc;ico;cur;bmp;dlg;rc2;rct;bin;rgs;gif;jpg;jpeg;jpe;resx;tiff;tif;png;wav;mfcribbon-ms</Extensions>
    </Filter>
    <Filter Include="imgui">
      <UniqueIdentifier>{c92087b0-c439-41b2-8df2-aa1e326dc3eb}</UniqueIdentifier>
    </Filter>
    <Filter Include="shaders">
      <UniqueIdentifier>{d0af575d-18f5-4082-aca1-2211e253a001}</UniqueIdentifier>
    </Filter>
  </ItemGroup>
  <ItemGroup>
    <ClCompile Include="main.cpp">
      <Filter>Source Files</Filter>
    </ClCompile>
    <ClCompile Include="imgui\imgui_draw.cpp">
      <Filter>imgui</Filter>
    </ClCompile>
    <ClCompile Include="imgui\imgui.cpp">
      <Filter>imgui</Filter>
    </ClCompile>
    <ClCompile Include="imgui\imgui_demo.cpp">
      <Filter>imgui</Filter>
    </ClCompile>
    <ClCompile Include="imgui\imgui_impl_opengl3.cpp">
      <Filter>imgui</Filter>
    </ClCompile>
    <ClCompile Include="imgui\imgui_impl_sdl.cpp">
      <Filter>imgui</Filter>
    </ClCompile>
    <ClCompile Include="OGLFrameBuffer.cpp">
      <Filter>Source Files</Filter>
    </ClCompile>
    <ClCompile Include="OGLTexture.cpp">
      <Filter>Source Files</Filter>
    </ClCompile>
    <ClCompile Include="LogWindow.cpp">
      <Filter>Source Files</Filter>
    </ClCompile>
    <ClCompile Include="OGLRenderStage.cpp">
      <Filter>Source Files</Filter>
    </ClCompile>
    <ClCompile Include="RenderStageDrops.cpp">
      <Filter>Source Files</Filter>
    </ClCompile>
    <ClCompile Include="OGLShader.cpp">
      <Filter>Source Files</Filter>
    </ClCompile>
    <ClCompile Include="RenderStageRefract.cpp">
      <Filter>Source Files</Filter>
    </ClCompile>
    <ClCompile Include="RenderStageBokeh.cpp">
      <Filter>Source Files</Filter>
    </ClCompile>
    <ClCompile Include="rng.cpp">
      <Filter>Source Files</Filter>
    </ClCompile>
    <ClCompile Include="OGLComputeShader.cpp">
      <Filter>Source Files</Filter>
    </ClCompile>
    <ClCompile Include="RenderStageFog.cpp">
      <Filter>Source Files</Filter>
    </ClCompile>
    <ClCompile Include="OGLFloatTexture.cpp">
      <Filter>Source Files</Filter>
    </ClCompile>
    <ClCompile Include="FlowData.cpp">
      <Filter>Source Files</Filter>
    </ClCompile>
    <ClCompile Include="DataSequence.cpp">
      <Filter>Source Files</Filter>
    </ClCompile>
    <ClCompile Include="OGLRenderer.cpp">
      <Filter>Source Files</Filter>
    </ClCompile>
    <ClCompile Include="Exporter.cpp">
      <Filter>Source Files</Filter>
    </ClCompile>
  </ItemGroup>
  <ItemGroup>
    <ClInclude Include="imgui\imgui_impl_opengl3.h">
      <Filter>imgui</Filter>
    </ClInclude>
    <ClInclude Include="imgui\imgui_impl_sdl.h">
      <Filter>imgui</Filter>
    </ClInclude>
    <ClInclude Include="imgui\imgui_internal.h">
      <Filter>imgui</Filter>
    </ClInclude>
    <ClInclude Include="imgui\imgui.h">
      <Filter>imgui</Filter>
    </ClInclude>
    <ClInclude Include="imgui\imconfig.h">
      <Filter>imgui</Filter>
    </ClInclude>
    <ClInclude Include="imgui\stb_rect_pack.h">
      <Filter>imgui</Filter>
    </ClInclude>
    <ClInclude Include="imgui\stb_textedit.h">
      <Filter>imgui</Filter>
    </ClInclude>
    <ClInclude Include="imgui\stb_truetype.h">
      <Filter>imgui</Filter>
    </ClInclude>
    <ClInclude Include="OGLFrameBuffer.h">
      <Filter>Header Files</Filter>
    </ClInclude>
    <ClInclude Include="OGLTexture.h">
      <Filter>Header Files</Filter>
    </ClInclude>
    <ClInclude Include="LogWindow.h">
      <Filter>Header Files</Filter>
    </ClInclude>
    <ClInclude Include="OGLRenderStage.h">
      <Filter>Header Files</Filter>
    </ClInclude>
    <ClInclude Include="RenderStageDrops.h">
      <Filter>Header Files</Filter>
    </ClInclude>
    <ClInclude Include="OGLShader.h">
      <Filter>Header Files</Filter>
    </ClInclude>
    <ClInclude Include="RenderStageRefract.h">
      <Filter>Header Files</Filter>
    </ClInclude>
    <ClInclude Include="rng.h">
      <Filter>Header Files</Filter>
    </ClInclude>
    <ClInclude Include="json.hpp">
      <Filter>Header Files</Filter>
    </ClInclude>
    <ClInclude Include="OGLComputeShader.h">
      <Filter>Header Files</Filter>
    </ClInclude>
    <ClInclude Include="fvector2.h">
      <Filter>Source Files</Filter>
    </ClInclude>
    <ClInclude Include="RenderStageFog.h">
      <Filter>Header Files</Filter>
    </ClInclude>
    <ClInclude Include="OGLFloatTexture.h">
      <Filter>Header Files</Filter>
    </ClInclude>
    <ClInclude Include="FlowData.h">
      <Filter>Header Files</Filter>
    </ClInclude>
    <ClInclude Include="RenderStageBokeh.h">
      <Filter>Header Files</Filter>
    </ClInclude>
    <ClInclude Include="OGLVideoTexture.h">
      <Filter>Header Files</Filter>
    </ClInclude>
    <ClInclude Include="DataSequence.h">
      <Filter>Header Files</Filter>
    </ClInclude>
    <ClInclude Include="OGLRenderer.h">
      <Filter>Header Files</Filter>
    </ClInclude>
    <ClInclude Include="Exporter.h">
      <Filter>Header Files</Filter>
    </ClInclude>
  </ItemGroup>
  <ItemGroup>
    <None Include="..\readme.md" />
    <None Include="shaders\basic.frag">
      <Filter>shaders</Filter>
    </None>
    <None Include="shaders\basic_alpha.frag">
      <Filter>shaders</Filter>
    </None>
    <None Include="shaders\blur.frag">
      <Filter>shaders</Filter>
    </None>
    <None Include="shaders\bokeh.frag">
      <Filter>shaders</Filter>
    </None>
    <None Include="shaders\bokeh-billboard.frag">
      <Filter>shaders</Filter>
    </None>
    <None Include="shaders\drop.frag">
      <Filter>shaders</Filter>
    </None>
    <None Include="shaders\fog.frag">
      <Filter>shaders</Filter>
    </None>
    <None Include="shaders\noise.frag">
      <Filter>shaders</Filter>
    </None>
    <None Include="shaders\refract.frag">
      <Filter>shaders</Filter>
    </None>
    <None Include="shaders\scatter.frag">
      <Filter>shaders</Filter>
    </None>
    <None Include="shaders\bokeh-billboard.geom">
      <Filter>shaders</Filter>
    </None>
    <None Include="shaders\bokeh-circle.geom">
      <Filter>shaders</Filter>
    </None>
    <None Include="shaders\bokeh-hex.geom">
      <Filter>shaders</Filter>
    </None>
    <None Include="shaders\basic.vert">
      <Filter>shaders</Filter>
    </None>
    <None Include="shaders\drop.vert">
      <Filter>shaders</Filter>
    </None>
    <None Include="shaders\flow_average.comp">
      <Filter>shaders</Filter>
    </None>
  </ItemGroup>
  <ItemGroup>
    <CudaCompile Include="sort_bokeh.cu" />
  </ItemGroup>
</Project>